// !$*UTF8*$!
{
	archiveVersion = 1;
	classes = {
	};
	objectVersion = 55;
	objects = {

/* Begin PBXBuildFile section */
		F2321A6A27E5EC3700F36C6E /* PhotoTableViewCell.swift in Sources */ = {isa = PBXBuildFile; fileRef = F2321A6927E5EC3700F36C6E /* PhotoTableViewCell.swift */; };
		F240D90827E9B0BE0079FF87 /* extensionUIImageView.swift in Sources */ = {isa = PBXBuildFile; fileRef = F240D90727E9B0BE0079FF87 /* extensionUIImageView.swift */; };
		F240D90A27E9B1430079FF87 /* extensionUITableView.swift in Sources */ = {isa = PBXBuildFile; fileRef = F240D90927E9B1430079FF87 /* extensionUITableView.swift */; };
		F2471E4B27E5D5F80030F5C0 /* AppDelegate.swift in Sources */ = {isa = PBXBuildFile; fileRef = F2471E4A27E5D5F80030F5C0 /* AppDelegate.swift */; };
		F2471E4D27E5D5F80030F5C0 /* SceneDelegate.swift in Sources */ = {isa = PBXBuildFile; fileRef = F2471E4C27E5D5F80030F5C0 /* SceneDelegate.swift */; };
		F2471E4F27E5D5F80030F5C0 /* ViewController.swift in Sources */ = {isa = PBXBuildFile; fileRef = F2471E4E27E5D5F80030F5C0 /* ViewController.swift */; };
		F2471E5227E5D5F80030F5C0 /* Main.storyboard in Resources */ = {isa = PBXBuildFile; fileRef = F2471E5027E5D5F80030F5C0 /* Main.storyboard */; };
		F2471E5427E5D5FA0030F5C0 /* Assets.xcassets in Resources */ = {isa = PBXBuildFile; fileRef = F2471E5327E5D5FA0030F5C0 /* Assets.xcassets */; };
		F2471E5727E5D5FA0030F5C0 /* LaunchScreen.storyboard in Resources */ = {isa = PBXBuildFile; fileRef = F2471E5527E5D5FA0030F5C0 /* LaunchScreen.storyboard */; };
		F2471E5F27E5D6C40030F5C0 /* PhotoInfo.swift in Sources */ = {isa = PBXBuildFile; fileRef = F2471E5E27E5D6C40030F5C0 /* PhotoInfo.swift */; };
		F268793B27E6D5EA00AF959D /* PhotoRequest.swift in Sources */ = {isa = PBXBuildFile; fileRef = F268793A27E6D5EA00AF959D /* PhotoRequest.swift */; };
		F268793F27E7191200AF959D /* PaddingLabel.swift in Sources */ = {isa = PBXBuildFile; fileRef = F268793E27E7191200AF959D /* PaddingLabel.swift */; };
/* End PBXBuildFile section */

/* Begin PBXFileReference section */
		F2321A6927E5EC3700F36C6E /* PhotoTableViewCell.swift */ = {isa = PBXFileReference; lastKnownFileType = sourcecode.swift; path = PhotoTableViewCell.swift; sourceTree = "<group>"; };
		F240D90727E9B0BE0079FF87 /* extensionUIImageView.swift */ = {isa = PBXFileReference; lastKnownFileType = sourcecode.swift; path = extensionUIImageView.swift; sourceTree = "<group>"; };
		F240D90927E9B1430079FF87 /* extensionUITableView.swift */ = {isa = PBXFileReference; lastKnownFileType = sourcecode.swift; path = extensionUITableView.swift; sourceTree = "<group>"; };
		F2471E4727E5D5F80030F5C0 /* LMWNAssignment.app */ = {isa = PBXFileReference; explicitFileType = wrapper.application; includeInIndex = 0; path = LMWNAssignment.app; sourceTree = BUILT_PRODUCTS_DIR; };
		F2471E4A27E5D5F80030F5C0 /* AppDelegate.swift */ = {isa = PBXFileReference; lastKnownFileType = sourcecode.swift; path = AppDelegate.swift; sourceTree = "<group>"; };
		F2471E4C27E5D5F80030F5C0 /* SceneDelegate.swift */ = {isa = PBXFileReference; lastKnownFileType = sourcecode.swift; path = SceneDelegate.swift; sourceTree = "<group>"; };
		F2471E4E27E5D5F80030F5C0 /* ViewController.swift */ = {isa = PBXFileReference; lastKnownFileType = sourcecode.swift; path = ViewController.swift; sourceTree = "<group>"; };
		F2471E5127E5D5F80030F5C0 /* Base */ = {isa = PBXFileReference; lastKnownFileType = file.storyboard; name = Base; path = Base.lproj/Main.storyboard; sourceTree = "<group>"; };
		F2471E5327E5D5FA0030F5C0 /* Assets.xcassets */ = {isa = PBXFileReference; lastKnownFileType = folder.assetcatalog; path = Assets.xcassets; sourceTree = "<group>"; };
		F2471E5627E5D5FA0030F5C0 /* Base */ = {isa = PBXFileReference; lastKnownFileType = file.storyboard; name = Base; path = Base.lproj/LaunchScreen.storyboard; sourceTree = "<group>"; };
		F2471E5827E5D5FA0030F5C0 /* Info.plist */ = {isa = PBXFileReference; lastKnownFileType = text.plist.xml; path = Info.plist; sourceTree = "<group>"; };
		F2471E5E27E5D6C40030F5C0 /* PhotoInfo.swift */ = {isa = PBXFileReference; lastKnownFileType = sourcecode.swift; path = PhotoInfo.swift; sourceTree = "<group>"; };
		F268793A27E6D5EA00AF959D /* PhotoRequest.swift */ = {isa = PBXFileReference; lastKnownFileType = sourcecode.swift; path = PhotoRequest.swift; sourceTree = "<group>"; };
		F268793E27E7191200AF959D /* PaddingLabel.swift */ = {isa = PBXFileReference; lastKnownFileType = sourcecode.swift; path = PaddingLabel.swift; sourceTree = "<group>"; };
/* End PBXFileReference section */

/* Begin PBXFrameworksBuildPhase section */
		F2471E4427E5D5F80030F5C0 /* Frameworks */ = {
			isa = PBXFrameworksBuildPhase;
			buildActionMask = 2147483647;
			files = (
			);
			runOnlyForDeploymentPostprocessing = 0;
		};
/* End PBXFrameworksBuildPhase section */

/* Begin PBXGroup section */
		F2471E3E27E5D5F80030F5C0 = {
			isa = PBXGroup;
			children = (
				F2471E4927E5D5F80030F5C0 /* LMWNAssignment */,
				F2471E4827E5D5F80030F5C0 /* Products */,
			);
			sourceTree = "<group>";
		};
		F2471E4827E5D5F80030F5C0 /* Products */ = {
			isa = PBXGroup;
			children = (
				F2471E4727E5D5F80030F5C0 /* LMWNAssignment.app */,
			);
			name = Products;
			sourceTree = "<group>";
		};
		F2471E4927E5D5F80030F5C0 /* LMWNAssignment */ = {
			isa = PBXGroup;
			children = (
				F268794227E72DB900AF959D /* compo */,
				F268793A27E6D5EA00AF959D /* PhotoRequest.swift */,
				F2471E4A27E5D5F80030F5C0 /* AppDelegate.swift */,
				F2471E4C27E5D5F80030F5C0 /* SceneDelegate.swift */,
				F2471E4E27E5D5F80030F5C0 /* ViewController.swift */,
				F2471E5027E5D5F80030F5C0 /* Main.storyboard */,
				F2471E5327E5D5FA0030F5C0 /* Assets.xcassets */,
				F2471E5527E5D5FA0030F5C0 /* LaunchScreen.storyboard */,
				F2471E5827E5D5FA0030F5C0 /* Info.plist */,
				F268793927E6C72200AF959D /* model */,
			);
			path = LMWNAssignment;
			sourceTree = "<group>";
		};
		F268793927E6C72200AF959D /* model */ = {
			isa = PBXGroup;
			children = (
				F2471E5E27E5D6C40030F5C0 /* PhotoInfo.swift */,
			);
			path = model;
			sourceTree = "<group>";
		};
		F268794227E72DB900AF959D /* compo */ = {
			isa = PBXGroup;
			children = (
				F268793E27E7191200AF959D /* PaddingLabel.swift */,
				F240D90727E9B0BE0079FF87 /* extensionUIImageView.swift */,
				F2321A6927E5EC3700F36C6E /* PhotoTableViewCell.swift */,
				F240D90927E9B1430079FF87 /* extensionUITableView.swift */,
			);
			path = compo;
			sourceTree = "<group>";
		};
/* End PBXGroup section */

/* Begin PBXNativeTarget section */
		F2471E4627E5D5F80030F5C0 /* LMWNAssignment */ = {
			isa = PBXNativeTarget;
			buildConfigurationList = F2471E5B27E5D5FA0030F5C0 /* Build configuration list for PBXNativeTarget "LMWNAssignment" */;
			buildPhases = (
				F2471E4327E5D5F80030F5C0 /* Sources */,
				F2471E4427E5D5F80030F5C0 /* Frameworks */,
				F2471E4527E5D5F80030F5C0 /* Resources */,
			);
			buildRules = (
			);
			dependencies = (
			);
			name = LMWNAssignment;
			productName = LMWNAssignment;
			productReference = F2471E4727E5D5F80030F5C0 /* LMWNAssignment.app */;
			productType = "com.apple.product-type.application";
		};
/* End PBXNativeTarget section */

/* Begin PBXProject section */
		F2471E3F27E5D5F80030F5C0 /* Project object */ = {
			isa = PBXProject;
			attributes = {
				BuildIndependentTargetsInParallel = 1;
				LastSwiftUpdateCheck = 1330;
				LastUpgradeCheck = 1330;
				TargetAttributes = {
					F2471E4627E5D5F80030F5C0 = {
						CreatedOnToolsVersion = 13.3;
					};
				};
			};
			buildConfigurationList = F2471E4227E5D5F80030F5C0 /* Build configuration list for PBXProject "LMWNAssignment" */;
			compatibilityVersion = "Xcode 13.0";
			developmentRegion = en;
			hasScannedForEncodings = 0;
			knownRegions = (
				en,
				Base,
			);
			mainGroup = F2471E3E27E5D5F80030F5C0;
			productRefGroup = F2471E4827E5D5F80030F5C0 /* Products */;
			projectDirPath = "";
			projectRoot = "";
			targets = (
				F2471E4627E5D5F80030F5C0 /* LMWNAssignment */,
			);
		};
/* End PBXProject section */

/* Begin PBXResourcesBuildPhase section */
		F2471E4527E5D5F80030F5C0 /* Resources */ = {
			isa = PBXResourcesBuildPhase;
			buildActionMask = 2147483647;
			files = (
				F2471E5727E5D5FA0030F5C0 /* LaunchScreen.storyboard in Resources */,
				F2471E5427E5D5FA0030F5C0 /* Assets.xcassets in Resources */,
				F2471E5227E5D5F80030F5C0 /* Main.storyboard in Resources */,
			);
			runOnlyForDeploymentPostprocessing = 0;
		};
/* End PBXResourcesBuildPhase section */

/* Begin PBXSourcesBuildPhase section */
		F2471E4327E5D5F80030F5C0 /* Sources */ = {
			isa = PBXSourcesBuildPhase;
			buildActionMask = 2147483647;
			files = (
				F240D90A27E9B1430079FF87 /* extensionUITableView.swift in Sources */,
				F2321A6A27E5EC3700F36C6E /* PhotoTableViewCell.swift in Sources */,
				F268793F27E7191200AF959D /* PaddingLabel.swift in Sources */,
				F2471E5F27E5D6C40030F5C0 /* PhotoInfo.swift in Sources */,
				F2471E4F27E5D5F80030F5C0 /* ViewController.swift in Sources */,
				F240D90827E9B0BE0079FF87 /* extensionUIImageView.swift in Sources */,
				F2471E4B27E5D5F80030F5C0 /* AppDelegate.swift in Sources */,
				F268793B27E6D5EA00AF959D /* PhotoRequest.swift in Sources */,
				F2471E4D27E5D5F80030F5C0 /* SceneDelegate.swift in Sources */,
			);
			runOnlyForDeploymentPostprocessing = 0;
		};
/* End PBXSourcesBuildPhase section */

/* Begin PBXVariantGroup section */
		F2471E5027E5D5F80030F5C0 /* Main.storyboard */ = {
			isa = PBXVariantGroup;
			children = (
				F2471E5127E5D5F80030F5C0 /* Base */,
			);
			name = Main.storyboard;
			sourceTree = "<group>";
		};
		F2471E5527E5D5FA0030F5C0 /* LaunchScreen.storyboard */ = {
			isa = PBXVariantGroup;
			children = (
				F2471E5627E5D5FA0030F5C0 /* Base */,
			);
			name = LaunchScreen.storyboard;
			sourceTree = "<group>";
		};
/* End PBXVariantGroup section */

/* Begin XCBuildConfiguration section */
		F2471E5927E5D5FA0030F5C0 /* Debug */ = {
			isa = XCBuildConfiguration;
			buildSettings = {
				ALWAYS_SEARCH_USER_PATHS = NO;
				CLANG_ANALYZER_NONNULL = YES;
				CLANG_ANALYZER_NUMBER_OBJECT_CONVERSION = YES_AGGRESSIVE;
				CLANG_CXX_LANGUAGE_STANDARD = "gnu++17";
				CLANG_ENABLE_MODULES = YES;
				CLANG_ENABLE_OBJC_ARC = YES;
				CLANG_ENABLE_OBJC_WEAK = YES;
				CLANG_WARN_BLOCK_CAPTURE_AUTORELEASING = YES;
				CLANG_WARN_BOOL_CONVERSION = YES;
				CLANG_WARN_COMMA = YES;
				CLANG_WARN_CONSTANT_CONVERSION = YES;
				CLANG_WARN_DEPRECATED_OBJC_IMPLEMENTATIONS = YES;
				CLANG_WARN_DIRECT_OBJC_ISA_USAGE = YES_ERROR;
				CLANG_WARN_DOCUMENTATION_COMMENTS = YES;
				CLANG_WARN_EMPTY_BODY = YES;
				CLANG_WARN_ENUM_CONVERSION = YES;
				CLANG_WARN_INFINITE_RECURSION = YES;
				CLANG_WARN_INT_CONVERSION = YES;
				CLANG_WARN_NON_LITERAL_NULL_CONVERSION = YES;
				CLANG_WARN_OBJC_IMPLICIT_RETAIN_SELF = YES;
				CLANG_WARN_OBJC_LITERAL_CONVERSION = YES;
				CLANG_WARN_OBJC_ROOT_CLASS = YES_ERROR;
				CLANG_WARN_QUOTED_INCLUDE_IN_FRAMEWORK_HEADER = YES;
				CLANG_WARN_RANGE_LOOP_ANALYSIS = YES;
				CLANG_WARN_STRICT_PROTOTYPES = YES;
				CLANG_WARN_SUSPICIOUS_MOVE = YES;
				CLANG_WARN_UNGUARDED_AVAILABILITY = YES_AGGRESSIVE;
				CLANG_WARN_UNREACHABLE_CODE = YES;
				CLANG_WARN__DUPLICATE_METHOD_MATCH = YES;
				COPY_PHASE_STRIP = NO;
				DEBUG_INFORMATION_FORMAT = dwarf;
				ENABLE_STRICT_OBJC_MSGSEND = YES;
				ENABLE_TESTABILITY = YES;
				GCC_C_LANGUAGE_STANDARD = gnu11;
				GCC_DYNAMIC_NO_PIC = NO;
				GCC_NO_COMMON_BLOCKS = YES;
				GCC_OPTIMIZATION_LEVEL = 0;
				GCC_PREPROCESSOR_DEFINITIONS = (
					"DEBUG=1",
					"$(inherited)",
				);
				GCC_WARN_64_TO_32_BIT_CONVERSION = YES;
				GCC_WARN_ABOUT_RETURN_TYPE = YES_ERROR;
				GCC_WARN_UNDECLARED_SELECTOR = YES;
				GCC_WARN_UNINITIALIZED_AUTOS = YES_AGGRESSIVE;
				GCC_WARN_UNUSED_FUNCTION = YES;
				GCC_WARN_UNUSED_VARIABLE = YES;
				IPHONEOS_DEPLOYMENT_TARGET = 15.4;
				MTL_ENABLE_DEBUG_INFO = INCLUDE_SOURCE;
				MTL_FAST_MATH = YES;
				ONLY_ACTIVE_ARCH = YES;
				SDKROOT = iphoneos;
				SWIFT_ACTIVE_COMPILATION_CONDITIONS = DEBUG;
				SWIFT_OPTIMIZATION_LEVEL = "-Onone";
			};
			name = Debug;
		};
		F2471E5A27E5D5FA0030F5C0 /* Release */ = {
			isa = XCBuildConfiguration;
			buildSettings = {
				ALWAYS_SEARCH_USER_PATHS = NO;
				CLANG_ANALYZER_NONNULL = YES;
				CLANG_ANALYZER_NUMBER_OBJECT_CONVERSION = YES_AGGRESSIVE;
				CLANG_CXX_LANGUAGE_STANDARD = "gnu++17";
				CLANG_ENABLE_MODULES = YES;
				CLANG_ENABLE_OBJC_ARC = YES;
				CLANG_ENABLE_OBJC_WEAK = YES;
				CLANG_WARN_BLOCK_CAPTURE_AUTORELEASING = YES;
				CLANG_WARN_BOOL_CONVERSION = YES;
				CLANG_WARN_COMMA = YES;
				CLANG_WARN_CONSTANT_CONVERSION = YES;
				CLANG_WARN_DEPRECATED_OBJC_IMPLEMENTATIONS = YES;
				CLANG_WARN_DIRECT_OBJC_ISA_USAGE = YES_ERROR;
				CLANG_WARN_DOCUMENTATION_COMMENTS = YES;
				CLANG_WARN_EMPTY_BODY = YES;
				CLANG_WARN_ENUM_CONVERSION = YES;
				CLANG_WARN_INFINITE_RECURSION = YES;
				CLANG_WARN_INT_CONVERSION = YES;
				CLANG_WARN_NON_LITERAL_NULL_CONVERSION = YES;
				CLANG_WARN_OBJC_IMPLICIT_RETAIN_SELF = YES;
				CLANG_WARN_OBJC_LITERAL_CONVERSION = YES;
				CLANG_WARN_OBJC_ROOT_CLASS = YES_ERROR;
				CLANG_WARN_QUOTED_INCLUDE_IN_FRAMEWORK_HEADER = YES;
				CLANG_WARN_RANGE_LOOP_ANALYSIS = YES;
				CLANG_WARN_STRICT_PROTOTYPES = YES;
				CLANG_WARN_SUSPICIOUS_MOVE = YES;
				CLANG_WARN_UNGUARDED_AVAILABILITY = YES_AGGRESSIVE;
				CLANG_WARN_UNREACHABLE_CODE = YES;
				CLANG_WARN__DUPLICATE_METHOD_MATCH = YES;
				COPY_PHASE_STRIP = NO;
				DEBUG_INFORMATION_FORMAT = "dwarf-with-dsym";
				ENABLE_NS_ASSERTIONS = NO;
				ENABLE_STRICT_OBJC_MSGSEND = YES;
				GCC_C_LANGUAGE_STANDARD = gnu11;
				GCC_NO_COMMON_BLOCKS = YES;
				GCC_WARN_64_TO_32_BIT_CONVERSION = YES;
				GCC_WARN_ABOUT_RETURN_TYPE = YES_ERROR;
				GCC_WARN_UNDECLARED_SELECTOR = YES;
				GCC_WARN_UNINITIALIZED_AUTOS = YES_AGGRESSIVE;
				GCC_WARN_UNUSED_FUNCTION = YES;
				GCC_WARN_UNUSED_VARIABLE = YES;
				IPHONEOS_DEPLOYMENT_TARGET = 15.4;
				MTL_ENABLE_DEBUG_INFO = NO;
				MTL_FAST_MATH = YES;
				SDKROOT = iphoneos;
				SWIFT_COMPILATION_MODE = wholemodule;
				SWIFT_OPTIMIZATION_LEVEL = "-O";
				VALIDATE_PRODUCT = YES;
			};
			name = Release;
		};
		F2471E5C27E5D5FA0030F5C0 /* Debug */ = {
			isa = XCBuildConfiguration;
			buildSettings = {
				ASSETCATALOG_COMPILER_APPICON_NAME = AppIcon;
				ASSETCATALOG_COMPILER_GLOBAL_ACCENT_COLOR_NAME = AccentColor;
				CODE_SIGN_STYLE = Automatic;
				CURRENT_PROJECT_VERSION = 1;
				DEVELOPMENT_TEAM = G2QGQ876SA;
				GENERATE_INFOPLIST_FILE = YES;
				INFOPLIST_FILE = LMWNAssignment/Info.plist;
				INFOPLIST_KEY_UIApplicationSupportsIndirectInputEvents = YES;
				INFOPLIST_KEY_UILaunchStoryboardName = LaunchScreen;
				INFOPLIST_KEY_UIMainStoryboardFile = Main;
				INFOPLIST_KEY_UISupportedInterfaceOrientations = "";
				INFOPLIST_KEY_UISupportedInterfaceOrientations_iPad = "UIInterfaceOrientationPortrait UIInterfaceOrientationPortraitUpsideDown UIInterfaceOrientationLandscapeLeft UIInterfaceOrientationLandscapeRight";
				INFOPLIST_KEY_UISupportedInterfaceOrientations_iPhone = "UIInterfaceOrientationPortrait UIInterfaceOrientationLandscapeLeft UIInterfaceOrientationLandscapeRight";
				IPHONEOS_DEPLOYMENT_TARGET = 12.4;
				LD_RUNPATH_SEARCH_PATHS = (
					"$(inherited)",
					"@executable_path/Frameworks",
				);
				MARKETING_VERSION = 1.0;
				PRODUCT_BUNDLE_IDENTIFIER = com.OrsuwanT;
				PRODUCT_NAME = "$(TARGET_NAME)";
				SWIFT_EMIT_LOC_STRINGS = YES;
				SWIFT_VERSION = 5.0;
				TARGETED_DEVICE_FAMILY = "1,2";
			};
			name = Debug;
		};
		F2471E5D27E5D5FA0030F5C0 /* Release */ = {
			isa = XCBuildConfiguration;
			buildSettings = {
				ASSETCATALOG_COMPILER_APPICON_NAME = AppIcon;
				ASSETCATALOG_COMPILER_GLOBAL_ACCENT_COLOR_NAME = AccentColor;
				CODE_SIGN_STYLE = Automatic;
				CURRENT_PROJECT_VERSION = 1;
				DEVELOPMENT_TEAM = G2QGQ876SA;
				GENERATE_INFOPLIST_FILE = YES;
				INFOPLIST_FILE = LMWNAssignment/Info.plist;
				INFOPLIST_KEY_UIApplicationSupportsIndirectInputEvents = YES;
				INFOPLIST_KEY_UILaunchStoryboardName = LaunchScreen;
				INFOPLIST_KEY_UIMainStoryboardFile = Main;
				INFOPLIST_KEY_UISupportedInterfaceOrientations = "";
				INFOPLIST_KEY_UISupportedInterfaceOrientations_iPad = "UIInterfaceOrientationPortrait UIInterfaceOrientationPortraitUpsideDown UIInterfaceOrientationLandscapeLeft UIInterfaceOrientationLandscapeRight";
				INFOPLIST_KEY_UISupportedInterfaceOrientations_iPhone = "UIInterfaceOrientationPortrait UIInterfaceOrientationLandscapeLeft UIInterfaceOrientationLandscapeRight";
				IPHONEOS_DEPLOYMENT_TARGET = 12.4;
				LD_RUNPATH_SEARCH_PATHS = (
					"$(inherited)",
					"@executable_path/Frameworks",
				);
				MARKETING_VERSION = 1.0;
				PRODUCT_BUNDLE_IDENTIFIER = com.OrsuwanT;
				PRODUCT_NAME = "$(TARGET_NAME)";
				SWIFT_EMIT_LOC_STRINGS = YES;
				SWIFT_VERSION = 5.0;
				TARGETED_DEVICE_FAMILY = "1,2";
			};
			name = Release;
		};
/* End XCBuildConfiguration section */

/* Begin XCConfigurationList section */
		F2471E4227E5D5F80030F5C0 /* Build configuration list for PBXProject "LMWNAssignment" */ = {
			isa = XCConfigurationList;
			buildConfigurations = (
				F2471E5927E5D5FA0030F5C0 /* Debug */,
				F2471E5A27E5D5FA0030F5C0 /* Release */,
			);
			defaultConfigurationIsVisible = 0;
			defaultConfigurationName = Release;
		};
		F2471E5B27E5D5FA0030F5C0 /* Build configuration list for PBXNativeTarget "LMWNAssignment" */ = {
			isa = XCConfigurationList;
			buildConfigurations = (
				F2471E5C27E5D5FA0030F5C0 /* Debug */,
				F2471E5D27E5D5FA0030F5C0 /* Release */,
			);
			defaultConfigurationIsVisible = 0;
			defaultConfigurationName = Release;
		};
/* End XCConfigurationList section */
	};
	rootObject = F2471E3F27E5D5F80030F5C0 /* Project object */;
}
